
Microsoft Visual Studio Solution File, Format Version 12.00
# Visual Studio Version 16
VisualStudioVersion = 16.0.29920.165
MinimumVisualStudioVersion = 10.0.40219.1
Project("{9A19103F-16F7-4668-BE54-9A1E7A4F7556}") = "LuanNiao.Blazor.Component.Antd", "LuanNiao.Blazor.Component.Antd\LuanNiao.Blazor.Component.Antd.csproj", "{4FCE80A1-2FC3-45DB-AA4B-DC3D67954024}"
EndProject
Project("{9A19103F-16F7-4668-BE54-9A1E7A4F7556}") = "LuanNiao.Blazor.Core", "..\core\src\LuanNiao.Blazor.Core\LuanNiao.Blazor.Core.csproj", "{30EF8C84-7412-4DC7-A230-F3345BF974FC}"
EndProject
Project("{2150E333-8FDC-42A3-9474-1A3956D46DE8}") = "Solution Items", "Solution Items", "{D017F071-D6D1-4526-B53D-930B3EF11CC8}"
	ProjectSection(SolutionItems) = preProject
		.editorconfig = .editorconfig
	EndProjectSection
EndProject
Project("{2150E333-8FDC-42A3-9474-1A3956D46DE8}") = "Test", "Test", "{D7BAE37D-64AF-4CD7-AF19-ECB8EB32F60D}"
EndProject
Project("{9A19103F-16F7-4668-BE54-9A1E7A4F7556}") = "DevelopmentCode", "Test\DevelopmentCode\DevelopmentCode.csproj", "{9FECEE51-52D8-407E-95BD-A321CC693D58}"
EndProject
Project("{2150E333-8FDC-42A3-9474-1A3956D46DE8}") = "ICONBuilder", "ICONBuilder", "{DBD93F6D-0195-4493-904D-3A9285F8C4AE}"
EndProject
Project("{9A19103F-16F7-4668-BE54-9A1E7A4F7556}") = "Builder", "Icon\Builder\Builder.csproj", "{E667F0A8-977F-479A-8A8F-495CDABA3147}"
EndProject
Project("{9A19103F-16F7-4668-BE54-9A1E7A4F7556}") = "TestPages", "Test\TestPages\TestPages.csproj", "{9F8B7594-5373-43F5-8D4C-726DCAA4168A}"
EndProject
Global
	GlobalSection(SolutionConfigurationPlatforms) = preSolution
		Debug|Any CPU = Debug|Any CPU
		Release|Any CPU = Release|Any CPU
	EndGlobalSection
	GlobalSection(ProjectConfigurationPlatforms) = postSolution
		{4FCE80A1-2FC3-45DB-AA4B-DC3D67954024}.Debug|Any CPU.ActiveCfg = Debug|Any CPU
		{4FCE80A1-2FC3-45DB-AA4B-DC3D67954024}.Debug|Any CPU.Build.0 = Debug|Any CPU
		{4FCE80A1-2FC3-45DB-AA4B-DC3D67954024}.Release|Any CPU.ActiveCfg = Release|Any CPU
		{4FCE80A1-2FC3-45DB-AA4B-DC3D67954024}.Release|Any CPU.Build.0 = Release|Any CPU
		{30EF8C84-7412-4DC7-A230-F3345BF974FC}.Debug|Any CPU.ActiveCfg = Debug|Any CPU
		{30EF8C84-7412-4DC7-A230-F3345BF974FC}.Debug|Any CPU.Build.0 = Debug|Any CPU
		{30EF8C84-7412-4DC7-A230-F3345BF974FC}.Release|Any CPU.ActiveCfg = Release|Any CPU
		{30EF8C84-7412-4DC7-A230-F3345BF974FC}.Release|Any CPU.Build.0 = Release|Any CPU
		{9FECEE51-52D8-407E-95BD-A321CC693D58}.Debug|Any CPU.ActiveCfg = Debug|Any CPU
		{9FECEE51-52D8-407E-95BD-A321CC693D58}.Debug|Any CPU.Build.0 = Debug|Any CPU
		{9FECEE51-52D8-407E-95BD-A321CC693D58}.Release|Any CPU.ActiveCfg = Release|Any CPU
		{9FECEE51-52D8-407E-95BD-A321CC693D58}.Release|Any CPU.Build.0 = Release|Any CPU
		{E667F0A8-977F-479A-8A8F-495CDABA3147}.Debug|Any CPU.ActiveCfg = Debug|Any CPU
		{E667F0A8-977F-479A-8A8F-495CDABA3147}.Debug|Any CPU.Build.0 = Debug|Any CPU
		{E667F0A8-977F-479A-8A8F-495CDABA3147}.Release|Any CPU.ActiveCfg = Release|Any CPU
		{E667F0A8-977F-479A-8A8F-495CDABA3147}.Release|Any CPU.Build.0 = Release|Any CPU
		{9F8B7594-5373-43F5-8D4C-726DCAA4168A}.Debug|Any CPU.ActiveCfg = Debug|Any CPU
		{9F8B7594-5373-43F5-8D4C-726DCAA4168A}.Debug|Any CPU.Build.0 = Debug|Any CPU
		{9F8B7594-5373-43F5-8D4C-726DCAA4168A}.Release|Any CPU.ActiveCfg = Release|Any CPU
		{9F8B7594-5373-43F5-8D4C-726DCAA4168A}.Release|Any CPU.Build.0 = Release|Any CPU
	EndGlobalSection
	GlobalSection(SolutionProperties) = preSolution
		HideSolutionNode = FALSE
	EndGlobalSection
	GlobalSection(NestedProjects) = preSolution
		{9FECEE51-52D8-407E-95BD-A321CC693D58} = {D7BAE37D-64AF-4CD7-AF19-ECB8EB32F60D}
		{E667F0A8-977F-479A-8A8F-495CDABA3147} = {DBD93F6D-0195-4493-904D-3A9285F8C4AE}
		{9F8B7594-5373-43F5-8D4C-726DCAA4168A} = {D7BAE37D-64AF-4CD7-AF19-ECB8EB32F60D}
	EndGlobalSection
	GlobalSection(ExtensibilityGlobals) = postSolution
		SolutionGuid = {BDC3A933-1335-4039-9ABA-F5752129783B}
	EndGlobalSection
EndGlobal
